
Microsoft Visual Studio Solution File, Format Version 12.00
# Visual Studio Version 17
VisualStudioVersion = 17.11.35312.102
MinimumVisualStudioVersion = 10.0.40219.1
Project("{FAE04EC0-301F-11D3-BF4B-00C04F79EFBC}") = "WpfApp4", "WpfApp4\WpfApp4.csproj", "{7F26372F-5C9C-4906-8532-EDCC7DC11EE6}"
EndProject
Global
	GlobalSection(SolutionConfigurationPlatforms) = preSolution
		Debug|Any CPU = Debug|Any CPU
		Release|Any CPU = Release|Any CPU
	EndGlobalSection
	GlobalSection(ProjectConfigurationPlatforms) = postSolution
		{7F26372F-5C9C-4906-8532-EDCC7DC11EE6}.Debug|Any CPU.ActiveCfg = Debug|Any CPU
		{7F26372F-5C9C-4906-8532-EDCC7DC11EE6}.Debug|Any CPU.Build.0 = Debug|Any CPU
		{7F26372F-5C9C-4906-8532-EDCC7DC11EE6}.Release|Any CPU.ActiveCfg = Release|Any CPU
		{7F26372F-5C9C-4906-8532-EDCC7DC11EE6}.Release|Any CPU.Build.0 = Release|Any CPU
	EndGlobalSection
	GlobalSection(SolutionProperties) = preSolution
		HideSolutionNode = FALSE
	EndGlobalSection
	GlobalSection(ExtensibilityGlobals) = postSolution
		SolutionGuid = {55096136-D99D-4A32-8702-6CAF4C9D08E7}
	EndGlobalSection
EndGlobal
